
Microsoft Visual Studio Solution File, Format Version 12.00
# Visual Studio Version 17
VisualStudioVersion = 17.3.32819.101
MinimumVisualStudioVersion = 10.0.40219.1
Project("{9A19103F-16F7-4668-BE54-9A1E7A4F7556}") = "NodeMarkup", "NodeMarkup\NodeMarkup.csproj", "{94B9B12B-0D2B-4685-BF64-4F0488470569}"
EndProject
Project("{FAE04EC0-301F-11D3-BF4B-00C04F79EFBC}") = "ModsBridge", "ModsCommon\ModsBridge\ModsBridge.csproj", "{9CC1B2FA-1A1B-4B74-92D8-D20B185C892A}"
EndProject
Project("{D954291E-2A0B-460D-934E-DC6B0785DB48}") = "ModShared", "ModsCommon\ModShared\ModShared.shproj", "{24615A21-AFA6-42C0-8B7A-4FB3329B056F}"
EndProject
Project("{D954291E-2A0B-460D-934E-DC6B0785DB48}") = "ToolShared", "ModsCommon\ToolShared\ToolShared.shproj", "{EA585899-16C8-4FF0-AE8D-078F15A7A126}"
EndProject
Project("{D954291E-2A0B-460D-934E-DC6B0785DB48}") = "UIShared", "ModsCommon\UIShared\UIShared.shproj", "{BE979510-7832-4714-95A3-305065D9DED6}"
EndProject
Project("{2150E333-8FDC-42A3-9474-1A3956D46DE8}") = "Shared", "Shared", "{E46E4A51-A820-4E7E-B2D5-B1675CEE7E5F}"
EndProject
Project("{D954291E-2A0B-460D-934E-DC6B0785DB48}") = "HeaderShared", "ModsCommon\HeaderShared\HeaderShared.shproj", "{0BF47C3F-C968-4759-8D99-D088B0D58FBA}"
EndProject
Project("{D954291E-2A0B-460D-934E-DC6B0785DB48}") = "LoadExtensionShared", "ModsCommon\LoadExtensionShared\LoadExtensionShared.shproj", "{B0DEA36D-46FD-4D66-9285-57E85AB0BCDF}"
EndProject
Project("{D954291E-2A0B-460D-934E-DC6B0785DB48}") = "MessageBoxShared", "ModsCommon\MessageBoxShared\MessageBoxShared.shproj", "{D5B649EC-0FEC-48F3-8316-6E266169CDCC}"
EndProject
Project("{D954291E-2A0B-460D-934E-DC6B0785DB48}") = "PropertyPanelShared", "ModsCommon\PropertyPanelShared\PropertyPanelShared.shproj", "{ABE0F508-441B-4871-A17F-3F345F5DC42B}"
EndProject
Project("{D954291E-2A0B-460D-934E-DC6B0785DB48}") = "ObjectMapShared", "ModsCommon\ObjectMapShared\ObjectMapShared.shproj", "{1C75A9E1-C20A-4D45-BBD9-1FFAA6B9FF57}"
EndProject
Project("{D954291E-2A0B-460D-934E-DC6B0785DB48}") = "TrajectoryShared", "ModsCommon\TrajectoryShared\TrajectoryShared.shproj", "{FFBA673C-7990-421A-8DD3-87149C1F751B}"
EndProject
Project("{D954291E-2A0B-460D-934E-DC6B0785DB48}") = "PropertyValueShared", "ModsCommon\PropertyValueShared\PropertyValueShared.shproj", "{DB4A0C1E-E3F4-4BB4-816F-1493BF7F2FBF}"
EndProject
Project("{D954291E-2A0B-460D-934E-DC6B0785DB48}") = "RenderExtension", "ModsCommon\RenderExtension\RenderExtension.shproj", "{E1394815-5550-4BA4-AF65-CAD097D335A6}"
EndProject
Project("{D954291E-2A0B-460D-934E-DC6B0785DB48}") = "XmlExtension", "ModsCommon\XmlExtension\XmlExtension.shproj", "{FADA36DB-C397-4128-9644-B477C4F50B26}"
EndProject
Project("{D954291E-2A0B-460D-934E-DC6B0785DB48}") = "NetExtension", "ModsCommon\NetExtension\NetExtension.shproj", "{69F65522-1CCC-4C9F-8989-8155708C1832}"
EndProject
Project("{D954291E-2A0B-460D-934E-DC6B0785DB48}") = "MathExtension", "ModsCommon\MathExtension\MathExtension.shproj", "{1D245858-7544-4D78-ACA0-275F110AD04B}"
EndProject
Project("{2150E333-8FDC-42A3-9474-1A3956D46DE8}") = "Localize", "Localize", "{78F18B58-7B26-46A8-B934-FFFE6DD7B29E}"
EndProject
Project("{2150E333-8FDC-42A3-9474-1A3956D46DE8}") = "UI", "UI", "{4125F182-993C-4202-B831-6E2CF801EDBE}"
EndProject
Project("{D954291E-2A0B-460D-934E-DC6B0785DB48}") = "LocalizeShared.cs-CZ", "ModsCommon\LocalizeShared\cs-CZ\LocalizeShared.cs-CZ.shproj", "{6080059F-60CE-47D6-B8C9-11955AFB9FDE}"
EndProject
Project("{D954291E-2A0B-460D-934E-DC6B0785DB48}") = "LocalizeShared.de-DE", "ModsCommon\LocalizeShared\de-DE\LocalizeShared.de-DE.shproj", "{46431D69-3160-4004-8E93-7F98E4107BA6}"
EndProject
Project("{D954291E-2A0B-460D-934E-DC6B0785DB48}") = "LocalizeShared.en-GB", "ModsCommon\LocalizeShared\en-GB\LocalizeShared.en-GB.shproj", "{92B146AD-F9D5-4C3B-8712-EBC5140A3F20}"
EndProject
Project("{D954291E-2A0B-460D-934E-DC6B0785DB48}") = "LocalizeShared.es-ES", "ModsCommon\LocalizeShared\es-ES\LocalizeShared.es-ES.shproj", "{120C967C-0DFA-49FE-85E2-A5BF520A619C}"
EndProject
Project("{D954291E-2A0B-460D-934E-DC6B0785DB48}") = "LocalizeShared.fi-FI", "ModsCommon\LocalizeShared\fi-FI\LocalizeShared.fi-FI.shproj", "{CBFA7721-1278-44C7-8E3B-2579DE4DBEAE}"
EndProject
Project("{D954291E-2A0B-460D-934E-DC6B0785DB48}") = "LocalizeShared.fr-FR", "ModsCommon\LocalizeShared\fr-FR\LocalizeShared.fr-FR.shproj", "{0CC6E29D-B8BD-4E10-9AD9-5F27F21E95BC}"
EndProject
Project("{D954291E-2A0B-460D-934E-DC6B0785DB48}") = "LocalizeShared.it-IT", "ModsCommon\LocalizeShared\it-IT\LocalizeShared.it-IT.shproj", "{1B4E8A9A-319B-4F69-AA7B-A47E5C998318}"
EndProject
Project("{D954291E-2A0B-460D-934E-DC6B0785DB48}") = "LocalizeShared.ja-JP", "ModsCommon\LocalizeShared\ja-JP\LocalizeShared.ja-JP.shproj", "{74503A1A-DEF7-4430-8479-5B0C9895E80A}"
EndProject
Project("{D954291E-2A0B-460D-934E-DC6B0785DB48}") = "LocalizeShared.nl-NL", "ModsCommon\LocalizeShared\nl-NL\LocalizeShared.nl-NL.shproj", "{0F84A968-4534-4A96-AE8D-A97CDB81B538}"
EndProject
Project("{D954291E-2A0B-460D-934E-DC6B0785DB48}") = "LocalizeShared.pl-PL", "ModsCommon\LocalizeShared\pl-PL\LocalizeShared.pl-PL.shproj", "{2E10B867-4AD3-4B8C-8D0D-1EA122C0F9BD}"
EndProject
Project("{D954291E-2A0B-460D-934E-DC6B0785DB48}") = "LocalizeShared.pt-PT", "ModsCommon\LocalizeShared\pt-PT\LocalizeShared.pt-PT.shproj", "{63601BBF-995F-4843-B4E8-A388652BEF2D}"
EndProject
Project("{D954291E-2A0B-460D-934E-DC6B0785DB48}") = "LocalizeShared.ru-RU", "ModsCommon\LocalizeShared\ru-RU\LocalizeShared.ru-RU.shproj", "{1953B648-7E3A-45F1-924D-E490FE6236C7}"
EndProject
Project("{D954291E-2A0B-460D-934E-DC6B0785DB48}") = "LocalizeShared", "ModsCommon\LocalizeShared\LocalizeShared.shproj", "{F135CD5D-4CAB-4347-BF44-1C6D0794A19D}"
EndProject
Project("{D954291E-2A0B-460D-934E-DC6B0785DB48}") = "LocalizeShared.zh-CN", "ModsCommon\LocalizeShared\zh-CN\LocalizeShared.zh-CN.shproj", "{6D76CE46-51A4-4596-8E5B-03261089BEDD}"
EndProject
Project("{FAE04EC0-301F-11D3-BF4B-00C04F79EFBC}") = "Localize", "ModsCommon\LocalizeShared\Localize.csproj", "{965F863B-1394-41ED-85EC-B35DC09003EB}"
EndProject
Project("{D954291E-2A0B-460D-934E-DC6B0785DB48}") = "PluginsShared", "ModsCommon\PluginsShared\PluginsShared.shproj", "{B92E01E9-0DFC-455F-8164-F68A2A602FBC}"
EndProject
Project("{D954291E-2A0B-460D-934E-DC6B0785DB48}") = "DependencyShared", "ModsCommon\DependencyShared\DependencyShared.shproj", "{2873738F-AA2C-4C8A-BE06-BC59ACCA56F0}"
EndProject
Project("{2150E333-8FDC-42A3-9474-1A3956D46DE8}") = "Utilites", "Utilites", "{72AF2C58-94A6-4C9B-B474-DB7FF9DFB971}"
EndProject
Project("{D954291E-2A0B-460D-934E-DC6B0785DB48}") = "LoggerShared", "ModsCommon\LoggerShared\LoggerShared.shproj", "{FE0AF823-F63F-4441-B28D-C0890BC0BF6A}"
EndProject
Project("{D954291E-2A0B-460D-934E-DC6B0785DB48}") = "SingletonShared", "ModsCommon\SingletonShared\SingletonShared.shproj", "{32AEE23B-AF72-45B6-8011-5EC3B139D2DF}"
EndProject
Project("{D954291E-2A0B-460D-934E-DC6B0785DB48}") = "AutoLayoutPanelShared", "ModsCommon\AutoLayoutPanelShared\AutoLayoutPanelShared.shproj", "{FC5E6F74-8408-4FD8-A46A-A7F549E30454}"
EndProject
Project("{D954291E-2A0B-460D-934E-DC6B0785DB48}") = "SimpleMessageBoxShared", "ModsCommon\SimpleMessageBoxShared\SimpleMessageBoxShared.shproj", "{A3055CAA-4807-4C49-973C-7B92610C25C8}"
EndProject
Project("{D954291E-2A0B-460D-934E-DC6B0785DB48}") = "WhatsNewMessageBoxShared", "ModsCommon\WhatsNewMessageBoxShared\WhatsNewMessageBoxShared.shproj", "{8431FA6D-34A1-4700-8D4F-09C9E65346E3}"
EndProject
Project("{D954291E-2A0B-460D-934E-DC6B0785DB48}") = "NetObjectMapShared", "ModsCommon\NetObjectMapShared\NetObjectMapShared.shproj", "{3E737FA1-6D80-4536-BFC6-2383B5462D65}"
EndProject
Project("{D954291E-2A0B-460D-934E-DC6B0785DB48}") = "NetAssetDataExtension", "ModsCommon\NetAssetDataExtension\NetAssetDataExtension.shproj", "{CA795710-6304-4F19-8F23-A55032A7176A}"
EndProject
Project("{D954291E-2A0B-460D-934E-DC6B0785DB48}") = "ColorsShared", "ModsCommon\ColorsShared\ColorsShared.shproj", "{B3E09C99-1583-40D2-AE3B-AE1453766DC3}"
EndProject
Project("{D954291E-2A0B-460D-934E-DC6B0785DB48}") = "LocalizeShared.id-ID", "ModsCommon\LocalizeShared\id-ID\LocalizeShared.id-ID.shproj", "{1B766E2B-A569-4B71-A2D2-C8D016FE5BFD}"
EndProject
Project("{D954291E-2A0B-460D-934E-DC6B0785DB48}") = "UUIRegisterShared", "ModsCommon\UUIRegisterShared\UUIRegisterShared.shproj", "{0D1F0D85-8CD7-4D10-9737-173027D169CE}"
EndProject
Project("{D954291E-2A0B-460D-934E-DC6B0785DB48}") = "ToolPanelShared", "ModsCommon\ToolPanelShared\ToolPanelShared.shproj", "{26556E31-5639-4425-9BAD-B0079296BCE2}"
EndProject
Project("{D954291E-2A0B-460D-934E-DC6B0785DB48}") = "LocalizeShared.ko-KR", "ModsCommon\LocalizeShared\ko-KR\LocalizeShared.ko-KR.shproj", "{C552B590-2769-4548-A774-8F5DD30F578C}"
EndProject
Project("{D954291E-2A0B-460D-934E-DC6B0785DB48}") = "LocalizeShared.tr-TR", "ModsCommon\LocalizeShared\tr-TR\LocalizeShared.tr-TR.shproj", "{E4D29A3D-F7C1-41BA-9B83-872271E6CF56}"
EndProject
Project("{D954291E-2A0B-460D-934E-DC6B0785DB48}") = "TriangulatorShared", "ModsCommon\TriangulatorShared\TriangulatorShared.shproj", "{C9801015-21EB-490F-9C5C-E54FD0A67A95}"
EndProject
Project("{D954291E-2A0B-460D-934E-DC6B0785DB48}") = "LocalizeManager", "ModsCommon\LocalizeShared\LocalizeManager\LocalizeManager.shproj", "{B21AB183-BAEF-4EAF-ACCB-83D6AE5F2CCB}"
EndProject
Project("{D954291E-2A0B-460D-934E-DC6B0785DB48}") = "LocalizeShared.ro-RO", "ModsCommon\LocalizeShared\ro-RO\LocalizeShared.ro-RO.shproj", "{A7F303AF-C11E-4DD8-A195-6D0D459DEE53}"
EndProject
Global
	GlobalSection(SolutionConfigurationPlatforms) = preSolution
		Beta Debug|Any CPU = Beta Debug|Any CPU
		Beta Release|Any CPU = Beta Release|Any CPU
		Stable Debug|Any CPU = Stable Debug|Any CPU
		Stable Release|Any CPU = Stable Release|Any CPU
	EndGlobalSection
	GlobalSection(ProjectConfigurationPlatforms) = postSolution
		{94B9B12B-0D2B-4685-BF64-4F0488470569}.Beta Debug|Any CPU.ActiveCfg = Beta Debug|Any CPU
		{94B9B12B-0D2B-4685-BF64-4F0488470569}.Beta Debug|Any CPU.Build.0 = Beta Debug|Any CPU
		{94B9B12B-0D2B-4685-BF64-4F0488470569}.Beta Release|Any CPU.ActiveCfg = Beta Release|Any CPU
		{94B9B12B-0D2B-4685-BF64-4F0488470569}.Beta Release|Any CPU.Build.0 = Beta Release|Any CPU
		{94B9B12B-0D2B-4685-BF64-4F0488470569}.Stable Debug|Any CPU.ActiveCfg = Stable Debug|Any CPU
		{94B9B12B-0D2B-4685-BF64-4F0488470569}.Stable Debug|Any CPU.Build.0 = Stable Debug|Any CPU
		{94B9B12B-0D2B-4685-BF64-4F0488470569}.Stable Release|Any CPU.ActiveCfg = Stable Release|Any CPU
		{94B9B12B-0D2B-4685-BF64-4F0488470569}.Stable Release|Any CPU.Build.0 = Stable Release|Any CPU
		{9CC1B2FA-1A1B-4B74-92D8-D20B185C892A}.Beta Debug|Any CPU.ActiveCfg = Debug|Any CPU
		{9CC1B2FA-1A1B-4B74-92D8-D20B185C892A}.Beta Debug|Any CPU.Build.0 = Debug|Any CPU
		{9CC1B2FA-1A1B-4B74-92D8-D20B185C892A}.Beta Release|Any CPU.ActiveCfg = Release|Any CPU
		{9CC1B2FA-1A1B-4B74-92D8-D20B185C892A}.Beta Release|Any CPU.Build.0 = Release|Any CPU
		{9CC1B2FA-1A1B-4B74-92D8-D20B185C892A}.Stable Debug|Any CPU.ActiveCfg = Debug|Any CPU
		{9CC1B2FA-1A1B-4B74-92D8-D20B185C892A}.Stable Debug|Any CPU.Build.0 = Debug|Any CPU
		{9CC1B2FA-1A1B-4B74-92D8-D20B185C892A}.Stable Release|Any CPU.ActiveCfg = Release|Any CPU
		{9CC1B2FA-1A1B-4B74-92D8-D20B185C892A}.Stable Release|Any CPU.Build.0 = Release|Any CPU
		{965F863B-1394-41ED-85EC-B35DC09003EB}.Beta Debug|Any CPU.ActiveCfg = Debug|Any CPU
		{965F863B-1394-41ED-85EC-B35DC09003EB}.Beta Debug|Any CPU.Build.0 = Debug|Any CPU
		{965F863B-1394-41ED-85EC-B35DC09003EB}.Beta Release|Any CPU.ActiveCfg = Release|Any CPU
		{965F863B-1394-41ED-85EC-B35DC09003EB}.Beta Release|Any CPU.Build.0 = Release|Any CPU
		{965F863B-1394-41ED-85EC-B35DC09003EB}.Stable Debug|Any CPU.ActiveCfg = Debug|Any CPU
		{965F863B-1394-41ED-85EC-B35DC09003EB}.Stable Debug|Any CPU.Build.0 = Debug|Any CPU
		{965F863B-1394-41ED-85EC-B35DC09003EB}.Stable Release|Any CPU.ActiveCfg = Release|Any CPU
		{965F863B-1394-41ED-85EC-B35DC09003EB}.Stable Release|Any CPU.Build.0 = Release|Any CPU
	EndGlobalSection
	GlobalSection(SolutionProperties) = preSolution
		HideSolutionNode = FALSE
	EndGlobalSection
	GlobalSection(NestedProjects) = preSolution
		{9CC1B2FA-1A1B-4B74-92D8-D20B185C892A} = {72AF2C58-94A6-4C9B-B474-DB7FF9DFB971}
		{24615A21-AFA6-42C0-8B7A-4FB3329B056F} = {E46E4A51-A820-4E7E-B2D5-B1675CEE7E5F}
		{EA585899-16C8-4FF0-AE8D-078F15A7A126} = {E46E4A51-A820-4E7E-B2D5-B1675CEE7E5F}
		{BE979510-7832-4714-95A3-305065D9DED6} = {4125F182-993C-4202-B831-6E2CF801EDBE}
		{0BF47C3F-C968-4759-8D99-D088B0D58FBA} = {4125F182-993C-4202-B831-6E2CF801EDBE}
		{B0DEA36D-46FD-4D66-9285-57E85AB0BCDF} = {72AF2C58-94A6-4C9B-B474-DB7FF9DFB971}
		{D5B649EC-0FEC-48F3-8316-6E266169CDCC} = {4125F182-993C-4202-B831-6E2CF801EDBE}
		{ABE0F508-441B-4871-A17F-3F345F5DC42B} = {4125F182-993C-4202-B831-6E2CF801EDBE}
		{1C75A9E1-C20A-4D45-BBD9-1FFAA6B9FF57} = {72AF2C58-94A6-4C9B-B474-DB7FF9DFB971}
		{FFBA673C-7990-421A-8DD3-87149C1F751B} = {72AF2C58-94A6-4C9B-B474-DB7FF9DFB971}
		{DB4A0C1E-E3F4-4BB4-816F-1493BF7F2FBF} = {72AF2C58-94A6-4C9B-B474-DB7FF9DFB971}
		{E1394815-5550-4BA4-AF65-CAD097D335A6} = {4125F182-993C-4202-B831-6E2CF801EDBE}
		{FADA36DB-C397-4128-9644-B477C4F50B26} = {72AF2C58-94A6-4C9B-B474-DB7FF9DFB971}
		{69F65522-1CCC-4C9F-8989-8155708C1832} = {72AF2C58-94A6-4C9B-B474-DB7FF9DFB971}
		{1D245858-7544-4D78-ACA0-275F110AD04B} = {72AF2C58-94A6-4C9B-B474-DB7FF9DFB971}
		{78F18B58-7B26-46A8-B934-FFFE6DD7B29E} = {E46E4A51-A820-4E7E-B2D5-B1675CEE7E5F}
		{4125F182-993C-4202-B831-6E2CF801EDBE} = {E46E4A51-A820-4E7E-B2D5-B1675CEE7E5F}
		{6080059F-60CE-47D6-B8C9-11955AFB9FDE} = {78F18B58-7B26-46A8-B934-FFFE6DD7B29E}
		{46431D69-3160-4004-8E93-7F98E4107BA6} = {78F18B58-7B26-46A8-B934-FFFE6DD7B29E}
		{92B146AD-F9D5-4C3B-8712-EBC5140A3F20} = {78F18B58-7B26-46A8-B934-FFFE6DD7B29E}
		{120C967C-0DFA-49FE-85E2-A5BF520A619C} = {78F18B58-7B26-46A8-B934-FFFE6DD7B29E}
		{CBFA7721-1278-44C7-8E3B-2579DE4DBEAE} = {78F18B58-7B26-46A8-B934-FFFE6DD7B29E}
		{0CC6E29D-B8BD-4E10-9AD9-5F27F21E95BC} = {78F18B58-7B26-46A8-B934-FFFE6DD7B29E}
		{1B4E8A9A-319B-4F69-AA7B-A47E5C998318} = {78F18B58-7B26-46A8-B934-FFFE6DD7B29E}
		{74503A1A-DEF7-4430-8479-5B0C9895E80A} = {78F18B58-7B26-46A8-B934-FFFE6DD7B29E}
		{0F84A968-4534-4A96-AE8D-A97CDB81B538} = {78F18B58-7B26-46A8-B934-FFFE6DD7B29E}
		{2E10B867-4AD3-4B8C-8D0D-1EA122C0F9BD} = {78F18B58-7B26-46A8-B934-FFFE6DD7B29E}
		{63601BBF-995F-4843-B4E8-A388652BEF2D} = {78F18B58-7B26-46A8-B934-FFFE6DD7B29E}
		{1953B648-7E3A-45F1-924D-E490FE6236C7} = {78F18B58-7B26-46A8-B934-FFFE6DD7B29E}
		{F135CD5D-4CAB-4347-BF44-1C6D0794A19D} = {78F18B58-7B26-46A8-B934-FFFE6DD7B29E}
		{6D76CE46-51A4-4596-8E5B-03261089BEDD} = {78F18B58-7B26-46A8-B934-FFFE6DD7B29E}
		{965F863B-1394-41ED-85EC-B35DC09003EB} = {78F18B58-7B26-46A8-B934-FFFE6DD7B29E}
		{B92E01E9-0DFC-455F-8164-F68A2A602FBC} = {72AF2C58-94A6-4C9B-B474-DB7FF9DFB971}
		{2873738F-AA2C-4C8A-BE06-BC59ACCA56F0} = {72AF2C58-94A6-4C9B-B474-DB7FF9DFB971}
		{72AF2C58-94A6-4C9B-B474-DB7FF9DFB971} = {E46E4A51-A820-4E7E-B2D5-B1675CEE7E5F}
		{FE0AF823-F63F-4441-B28D-C0890BC0BF6A} = {72AF2C58-94A6-4C9B-B474-DB7FF9DFB971}
		{32AEE23B-AF72-45B6-8011-5EC3B139D2DF} = {72AF2C58-94A6-4C9B-B474-DB7FF9DFB971}
		{FC5E6F74-8408-4FD8-A46A-A7F549E30454} = {4125F182-993C-4202-B831-6E2CF801EDBE}
		{A3055CAA-4807-4C49-973C-7B92610C25C8} = {4125F182-993C-4202-B831-6E2CF801EDBE}
		{8431FA6D-34A1-4700-8D4F-09C9E65346E3} = {4125F182-993C-4202-B831-6E2CF801EDBE}
		{3E737FA1-6D80-4536-BFC6-2383B5462D65} = {72AF2C58-94A6-4C9B-B474-DB7FF9DFB971}
		{CA795710-6304-4F19-8F23-A55032A7176A} = {72AF2C58-94A6-4C9B-B474-DB7FF9DFB971}
		{B3E09C99-1583-40D2-AE3B-AE1453766DC3} = {72AF2C58-94A6-4C9B-B474-DB7FF9DFB971}
		{1B766E2B-A569-4B71-A2D2-C8D016FE5BFD} = {78F18B58-7B26-46A8-B934-FFFE6DD7B29E}
		{0D1F0D85-8CD7-4D10-9737-173027D169CE} = {72AF2C58-94A6-4C9B-B474-DB7FF9DFB971}
		{26556E31-5639-4425-9BAD-B0079296BCE2} = {4125F182-993C-4202-B831-6E2CF801EDBE}
		{C552B590-2769-4548-A774-8F5DD30F578C} = {78F18B58-7B26-46A8-B934-FFFE6DD7B29E}
		{E4D29A3D-F7C1-41BA-9B83-872271E6CF56} = {78F18B58-7B26-46A8-B934-FFFE6DD7B29E}
		{C9801015-21EB-490F-9C5C-E54FD0A67A95} = {72AF2C58-94A6-4C9B-B474-DB7FF9DFB971}
		{B21AB183-BAEF-4EAF-ACCB-83D6AE5F2CCB} = {78F18B58-7B26-46A8-B934-FFFE6DD7B29E}
		{A7F303AF-C11E-4DD8-A195-6D0D459DEE53} = {78F18B58-7B26-46A8-B934-FFFE6DD7B29E}
	EndGlobalSection
	GlobalSection(ExtensibilityGlobals) = postSolution
		RESX_RemoveEmptyEntries = False
		RESX_ConfirmAddLanguageFile = True
		RESX_AutoCreateNewLanguageFiles = True
		RESX_ExcelExportMode = MultipleSheets
		SolutionGuid = {24C1D7AB-61EC-4A4D-8F34-0A0F96032B18}
		BuildVersion_StartDate = 2000/1/1
	EndGlobalSection
	GlobalSection(SharedMSBuildProjectFiles) = preSolution
		ModsCommon\HeaderShared\HeaderShared.projitems*{0bf47c3f-c968-4759-8d99-d088b0d58fba}*SharedItemsImports = 13
		ModsCommon\LocalizeShared\fr-FR\LocalizeShared.fr-FR.projitems*{0cc6e29d-b8bd-4e10-9ad9-5f27f21e95bc}*SharedItemsImports = 13
		ModsCommon\UUIRegisterShared\UUIRegisterShared.projitems*{0d1f0d85-8cd7-4d10-9737-173027d169ce}*SharedItemsImports = 13
		ModsCommon\LocalizeShared\nl-NL\LocalizeShared.nl-NL.projitems*{0f84a968-4534-4a96-ae8d-a97cdb81b538}*SharedItemsImports = 13
		ModsCommon\LocalizeShared\es-ES\LocalizeShared.es-ES.projitems*{120c967c-0dfa-49fe-85e2-a5bf520a619c}*SharedItemsImports = 13
		ModsCommon\LocalizeShared\ru-RU\LocalizeShared.ru-RU.projitems*{1953b648-7e3a-45f1-924d-e490fe6236c7}*SharedItemsImports = 13
		ModsCommon\LocalizeShared\it-IT\LocalizeShared.it-IT.projitems*{1b4e8a9a-319b-4f69-aa7b-a47e5c998318}*SharedItemsImports = 13
		ModsCommon\LocalizeShared\id-ID\LocalizeShared.id-ID.projitems*{1b766e2b-a569-4b71-a2d2-c8d016fe5bfd}*SharedItemsImports = 13
		ModsCommon\ObjectMapShared\ObjectMapShared.projitems*{1c75a9e1-c20a-4d45-bbd9-1ffaa6b9ff57}*SharedItemsImports = 13
		ModsCommon\MathExtension\MathExtension.projitems*{1d245858-7544-4d78-aca0-275f110ad04b}*SharedItemsImports = 13
		ModsCommon\ModShared\ModsCommonShared.projitems*{24615a21-afa6-42c0-8b7a-4fb3329b056f}*SharedItemsImports = 13
		ModsCommon\ToolPanelShared\ToolPanelShared.projitems*{26556e31-5639-4425-9bad-b0079296bce2}*SharedItemsImports = 13
		ModsCommon\DependencyShared\DependencyShared.projitems*{2873738f-aa2c-4c8a-be06-bc59acca56f0}*SharedItemsImports = 13
		ModsCommon\LocalizeShared\pl-PL\LocalizeShared.pl-PL.projitems*{2e10b867-4ad3-4b8c-8d0d-1ea122c0f9bd}*SharedItemsImports = 13
		ModsCommon\SingletonShared\SingletonShared.projitems*{32aee23b-af72-45b6-8011-5ec3b139d2df}*SharedItemsImports = 13
		ModsCommon\NetObjectMapShared\NetObjectMapShared.projitems*{3e737fa1-6d80-4536-bfc6-2383b5462d65}*SharedItemsImports = 13
		ModsCommon\LocalizeShared\de-DE\LocalizeShared.de-DE.projitems*{46431d69-3160-4004-8e93-7f98e4107ba6}*SharedItemsImports = 13
		ModsCommon\LocalizeShared\cs-CZ\LocalizeShared.cs-CZ.projitems*{6080059f-60ce-47d6-b8c9-11955afb9fde}*SharedItemsImports = 13
		ModsCommon\LocalizeShared\pt-PT\LocalizeShared.pt-PT.projitems*{63601bbf-995f-4843-b4e8-a388652bef2d}*SharedItemsImports = 13
		ModsCommon\NetExtension\NetExtension.projitems*{69f65522-1ccc-4c9f-8989-8155708c1832}*SharedItemsImports = 13
		ModsCommon\LocalizeShared\zh-CN\LocalizeShared.zh-CN.projitems*{6d76ce46-51a4-4596-8e5b-03261089bedd}*SharedItemsImports = 13
		ModsCommon\LocalizeShared\ja-JP\LocalizeShared.ja-JP.projitems*{74503a1a-def7-4430-8479-5b0c9895e80a}*SharedItemsImports = 13
		ModsCommon\WhatsNewMessageBoxShared\WhatsNewMessageBoxShared.projitems*{8431fa6d-34a1-4700-8d4f-09c9e65346e3}*SharedItemsImports = 13
		ModsCommon\LocalizeShared\en-GB\LocalizeShared.en-GB.projitems*{92b146ad-f9d5-4c3b-8712-ebc5140a3f20}*SharedItemsImports = 13
		ModsCommon\AutoLayoutPanelShared\AutoLayoutPanelShared.projitems*{94b9b12b-0d2b-4685-bf64-4f0488470569}*SharedItemsImports = 5
		ModsCommon\ColorsShared\ColorsShared.projitems*{94b9b12b-0d2b-4685-bf64-4f0488470569}*SharedItemsImports = 5
		ModsCommon\DependencyShared\DependencyShared.projitems*{94b9b12b-0d2b-4685-bf64-4f0488470569}*SharedItemsImports = 5
		ModsCommon\HeaderShared\HeaderShared.projitems*{94b9b12b-0d2b-4685-bf64-4f0488470569}*SharedItemsImports = 5
		ModsCommon\LoadExtensionShared\LoadExtensionShared.projitems*{94b9b12b-0d2b-4685-bf64-4f0488470569}*SharedItemsImports = 5
		ModsCommon\LocalizeShared\cs-CZ\LocalizeShared.cs-CZ.projitems*{94b9b12b-0d2b-4685-bf64-4f0488470569}*SharedItemsImports = 5
		ModsCommon\LocalizeShared\de-DE\LocalizeShared.de-DE.projitems*{94b9b12b-0d2b-4685-bf64-4f0488470569}*SharedItemsImports = 5
		ModsCommon\LocalizeShared\en-GB\LocalizeShared.en-GB.projitems*{94b9b12b-0d2b-4685-bf64-4f0488470569}*SharedItemsImports = 5
		ModsCommon\LocalizeShared\es-ES\LocalizeShared.es-ES.projitems*{94b9b12b-0d2b-4685-bf64-4f0488470569}*SharedItemsImports = 5
		ModsCommon\LocalizeShared\fi-FI\LocalizeShared.fi-FI.projitems*{94b9b12b-0d2b-4685-bf64-4f0488470569}*SharedItemsImports = 5
		ModsCommon\LocalizeShared\fr-FR\LocalizeShared.fr-FR.projitems*{94b9b12b-0d2b-4685-bf64-4f0488470569}*SharedItemsImports = 5
		ModsCommon\LocalizeShared\id-ID\LocalizeShared.id-ID.projitems*{94b9b12b-0d2b-4685-bf64-4f0488470569}*SharedItemsImports = 5
		ModsCommon\LocalizeShared\it-IT\LocalizeShared.it-IT.projitems*{94b9b12b-0d2b-4685-bf64-4f0488470569}*SharedItemsImports = 5
		ModsCommon\LocalizeShared\ja-JP\LocalizeShared.ja-JP.projitems*{94b9b12b-0d2b-4685-bf64-4f0488470569}*SharedItemsImports = 5
		ModsCommon\LocalizeShared\ko-KR\LocalizeShared.ko-KR.projitems*{94b9b12b-0d2b-4685-bf64-4f0488470569}*SharedItemsImports = 5
		ModsCommon\LocalizeShared\LocalizeManager\LocalizeManager.projitems*{94b9b12b-0d2b-4685-bf64-4f0488470569}*SharedItemsImports = 5
		ModsCommon\LocalizeShared\LocalizeShared.projitems*{94b9b12b-0d2b-4685-bf64-4f0488470569}*SharedItemsImports = 5
		ModsCommon\LocalizeShared\nl-NL\LocalizeShared.nl-NL.projitems*{94b9b12b-0d2b-4685-bf64-4f0488470569}*SharedItemsImports = 5
		ModsCommon\LocalizeShared\pl-PL\LocalizeShared.pl-PL.projitems*{94b9b12b-0d2b-4685-bf64-4f0488470569}*SharedItemsImports = 5
		ModsCommon\LocalizeShared\pt-PT\LocalizeShared.pt-PT.projitems*{94b9b12b-0d2b-4685-bf64-4f0488470569}*SharedItemsImports = 5
		ModsCommon\LocalizeShared\ro-RO\LocalizeShared.ro-RO.projitems*{94b9b12b-0d2b-4685-bf64-4f0488470569}*SharedItemsImports = 5
		ModsCommon\LocalizeShared\ru-RU\LocalizeShared.ru-RU.projitems*{94b9b12b-0d2b-4685-bf64-4f0488470569}*SharedItemsImports = 5
		ModsCommon\LocalizeShared\tr-TR\LocalizeShared.tr-TR.projitems*{94b9b12b-0d2b-4685-bf64-4f0488470569}*SharedItemsImports = 5
		ModsCommon\LocalizeShared\zh-CN\LocalizeShared.zh-CN.projitems*{94b9b12b-0d2b-4685-bf64-4f0488470569}*SharedItemsImports = 5
		ModsCommon\LoggerShared\LoggerShared.projitems*{94b9b12b-0d2b-4685-bf64-4f0488470569}*SharedItemsImports = 5
		ModsCommon\MathExtension\MathExtension.projitems*{94b9b12b-0d2b-4685-bf64-4f0488470569}*SharedItemsImports = 5
		ModsCommon\MessageBoxShared\MessageBoxShared.projitems*{94b9b12b-0d2b-4685-bf64-4f0488470569}*SharedItemsImports = 5
		ModsCommon\ModShared\ModsCommonShared.projitems*{94b9b12b-0d2b-4685-bf64-4f0488470569}*SharedItemsImports = 5
		ModsCommon\NetAssetDataExtension\NetAssetDataExtension.projitems*{94b9b12b-0d2b-4685-bf64-4f0488470569}*SharedItemsImports = 5
		ModsCommon\NetExtension\NetExtension.projitems*{94b9b12b-0d2b-4685-bf64-4f0488470569}*SharedItemsImports = 5
		ModsCommon\NetObjectMapShared\NetObjectMapShared.projitems*{94b9b12b-0d2b-4685-bf64-4f0488470569}*SharedItemsImports = 5
		ModsCommon\ObjectMapShared\ObjectMapShared.projitems*{94b9b12b-0d2b-4685-bf64-4f0488470569}*SharedItemsImports = 5
		ModsCommon\PluginsShared\PluginsShared.projitems*{94b9b12b-0d2b-4685-bf64-4f0488470569}*SharedItemsImports = 5
		ModsCommon\PropertyPanelShared\PropertyPanelShared.projitems*{94b9b12b-0d2b-4685-bf64-4f0488470569}*SharedItemsImports = 5
		ModsCommon\PropertyValueShared\PropertyValueShared.projitems*{94b9b12b-0d2b-4685-bf64-4f0488470569}*SharedItemsImports = 5
		ModsCommon\RenderExtension\RenderExtension.projitems*{94b9b12b-0d2b-4685-bf64-4f0488470569}*SharedItemsImports = 5
		ModsCommon\SimpleMessageBoxShared\SimpleMessageBoxShared.projitems*{94b9b12b-0d2b-4685-bf64-4f0488470569}*SharedItemsImports = 5
		ModsCommon\SingletonShared\SingletonShared.projitems*{94b9b12b-0d2b-4685-bf64-4f0488470569}*SharedItemsImports = 5
		ModsCommon\ToolPanelShared\ToolPanelShared.projitems*{94b9b12b-0d2b-4685-bf64-4f0488470569}*SharedItemsImports = 5
		ModsCommon\ToolShared\ModsToolShared.projitems*{94b9b12b-0d2b-4685-bf64-4f0488470569}*SharedItemsImports = 5
		ModsCommon\TrajectoryShared\TrajectoryShared.projitems*{94b9b12b-0d2b-4685-bf64-4f0488470569}*SharedItemsImports = 5
		ModsCommon\TriangulatorShared\Triangulator.projitems*{94b9b12b-0d2b-4685-bf64-4f0488470569}*SharedItemsImports = 5
		ModsCommon\UIShared\ModsUIShared.projitems*{94b9b12b-0d2b-4685-bf64-4f0488470569}*SharedItemsImports = 5
		ModsCommon\UUIRegisterShared\UUIRegisterShared.projitems*{94b9b12b-0d2b-4685-bf64-4f0488470569}*SharedItemsImports = 5
		ModsCommon\WhatsNewMessageBoxShared\WhatsNewMessageBoxShared.projitems*{94b9b12b-0d2b-4685-bf64-4f0488470569}*SharedItemsImports = 5
		ModsCommon\XmlExtension\XmlExtension.projitems*{94b9b12b-0d2b-4685-bf64-4f0488470569}*SharedItemsImports = 5
		ModsCommon\SimpleMessageBoxShared\SimpleMessageBoxShared.projitems*{a3055caa-4807-4c49-973c-7b92610c25c8}*SharedItemsImports = 13
		ModsCommon\LocalizeShared\ro-RO\LocalizeShared.ro-RO.projitems*{a7f303af-c11e-4dd8-a195-6d0d459dee53}*SharedItemsImports = 13
		ModsCommon\PropertyPanelShared\PropertyPanelShared.projitems*{abe0f508-441b-4871-a17f-3f345f5dc42b}*SharedItemsImports = 13
		ModsCommon\LoadExtensionShared\LoadExtensionShared.projitems*{b0dea36d-46fd-4d66-9285-57e85ab0bcdf}*SharedItemsImports = 13
		ModsCommon\LocalizeShared\LocalizeManager\LocalizeManager.projitems*{b21ab183-baef-4eaf-accb-83d6ae5f2ccb}*SharedItemsImports = 13
		ModsCommon\ColorsShared\ColorsShared.projitems*{b3e09c99-1583-40d2-ae3b-ae1453766dc3}*SharedItemsImports = 13
		ModsCommon\PluginsShared\PluginsShared.projitems*{b92e01e9-0dfc-455f-8164-f68a2a602fbc}*SharedItemsImports = 13
		ModsCommon\UIShared\ModsUIShared.projitems*{be979510-7832-4714-95a3-305065d9ded6}*SharedItemsImports = 13
		ModsCommon\LocalizeShared\ko-KR\LocalizeShared.ko-KR.projitems*{c552b590-2769-4548-a774-8f5dd30f578c}*SharedItemsImports = 13
		ModsCommon\TriangulatorShared\Triangulator.projitems*{c9801015-21eb-490f-9c5c-e54fd0a67a95}*SharedItemsImports = 13
		ModsCommon\NetAssetDataExtension\NetAssetDataExtension.projitems*{ca795710-6304-4f19-8f23-a55032a7176a}*SharedItemsImports = 13
		ModsCommon\LocalizeShared\fi-FI\LocalizeShared.fi-FI.projitems*{cbfa7721-1278-44c7-8e3b-2579de4dbeae}*SharedItemsImports = 13
		ModsCommon\MessageBoxShared\MessageBoxShared.projitems*{d5b649ec-0fec-48f3-8316-6e266169cdcc}*SharedItemsImports = 13
		ModsCommon\PropertyValueShared\PropertyValueShared.projitems*{db4a0c1e-e3f4-4bb4-816f-1493bf7f2fbf}*SharedItemsImports = 13
		ModsCommon\RenderExtension\RenderExtension.projitems*{e1394815-5550-4ba4-af65-cad097d335a6}*SharedItemsImports = 13
		ModsCommon\LocalizeShared\tr-TR\LocalizeShared.tr-TR.projitems*{e4d29a3d-f7c1-41ba-9b83-872271e6cf56}*SharedItemsImports = 13
		ModsCommon\ToolShared\ModsToolShared.projitems*{ea585899-16c8-4ff0-ae8d-078f15a7a126}*SharedItemsImports = 13
		ModsCommon\LocalizeShared\LocalizeShared.projitems*{f135cd5d-4cab-4347-bf44-1c6d0794a19d}*SharedItemsImports = 13
		ModsCommon\XmlExtension\XmlExtension.projitems*{fada36db-c397-4128-9644-b477c4f50b26}*SharedItemsImports = 13
		ModsCommon\AutoLayoutPanelShared\AutoLayoutPanelShared.projitems*{fc5e6f74-8408-4fd8-a46a-a7f549e30454}*SharedItemsImports = 13
		ModsCommon\LoggerShared\LoggerShared.projitems*{fe0af823-f63f-4441-b28d-c0890bc0bf6a}*SharedItemsImports = 13
		ModsCommon\TrajectoryShared\TrajectoryShared.projitems*{ffba673c-7990-421a-8dd3-87149c1f751b}*SharedItemsImports = 13
	EndGlobalSection
EndGlobal
